// !$*UTF8*$!
{
	archiveVersion = 1;
	classes = {
	};
	objectVersion = 56;
	objects = {

/* Begin PBXBuildFile section */
		A1000001 /* MailMateAIApp.swift in Sources */ = {isa = PBXBuildFile; fileRef = A2000001 /* MailMateAIApp.swift */; };
		A1000002 /* AppState.swift in Sources */ = {isa = PBXBuildFile; fileRef = A2000002 /* AppState.swift */; };
		A1000003 /* URLSchemeHandler.swift in Sources */ = {isa = PBXBuildFile; fileRef = A2000003 /* URLSchemeHandler.swift */; };
		A1000004 /* KeychainManager.swift in Sources */ = {isa = PBXBuildFile; fileRef = A2000004 /* KeychainManager.swift */; };
		A1000005 /* SettingsManager.swift in Sources */ = {isa = PBXBuildFile; fileRef = A2000005 /* SettingsManager.swift */; };
		A1000006 /* BundleInstaller.swift in Sources */ = {isa = PBXBuildFile; fileRef = A2000006 /* BundleInstaller.swift */; };
		A1000007 /* MenuBarView.swift in Sources */ = {isa = PBXBuildFile; fileRef = A2000007 /* MenuBarView.swift */; };
		A1000008 /* ErrorDetailView.swift in Sources */ = {isa = PBXBuildFile; fileRef = A2000008 /* ErrorDetailView.swift */; };
		A1000009 /* SettingsView.swift in Sources */ = {isa = PBXBuildFile; fileRef = A2000009 /* SettingsView.swift */; };
		A100000A /* SetupWizardView.swift in Sources */ = {isa = PBXBuildFile; fileRef = A200000A /* SetupWizardView.swift */; };
		A100000B /* WelcomeView.swift in Sources */ = {isa = PBXBuildFile; fileRef = A200000B /* WelcomeView.swift */; };
		A100000C /* ConfigurationView.swift in Sources */ = {isa = PBXBuildFile; fileRef = A200000C /* ConfigurationView.swift */; };
		A100000D /* CompletionView.swift in Sources */ = {isa = PBXBuildFile; fileRef = A200000D /* CompletionView.swift */; };
		A100000E /* GPTAssistant.mmbundle in Resources */ = {isa = PBXBuildFile; fileRef = A200000E /* GPTAssistant.mmbundle */; };
		A100000F /* ThinkingPanel.swift in Sources */ = {isa = PBXBuildFile; fileRef = A2000012 /* ThinkingPanel.swift */; };
/* End PBXBuildFile section */

/* Begin PBXFileReference section */
		A2000001 /* MailMateAIApp.swift */ = {isa = PBXFileReference; lastKnownFileType = sourcecode.swift; path = MailMateAIApp.swift; sourceTree = "<group>"; };
		A2000002 /* AppState.swift */ = {isa = PBXFileReference; lastKnownFileType = sourcecode.swift; path = AppState.swift; sourceTree = "<group>"; };
		A2000003 /* URLSchemeHandler.swift */ = {isa = PBXFileReference; lastKnownFileType = sourcecode.swift; path = URLSchemeHandler.swift; sourceTree = "<group>"; };
		A2000004 /* KeychainManager.swift */ = {isa = PBXFileReference; lastKnownFileType = sourcecode.swift; path = KeychainManager.swift; sourceTree = "<group>"; };
		A2000005 /* SettingsManager.swift */ = {isa = PBXFileReference; lastKnownFileType = sourcecode.swift; path = SettingsManager.swift; sourceTree = "<group>"; };
		A2000006 /* BundleInstaller.swift */ = {isa = PBXFileReference; lastKnownFileType = sourcecode.swift; path = BundleInstaller.swift; sourceTree = "<group>"; };
		A2000007 /* MenuBarView.swift */ = {isa = PBXFileReference; lastKnownFileType = sourcecode.swift; path = MenuBarView.swift; sourceTree = "<group>"; };
		A2000008 /* ErrorDetailView.swift */ = {isa = PBXFileReference; lastKnownFileType = sourcecode.swift; path = ErrorDetailView.swift; sourceTree = "<group>"; };
		A2000009 /* SettingsView.swift */ = {isa = PBXFileReference; lastKnownFileType = sourcecode.swift; path = SettingsView.swift; sourceTree = "<group>"; };
		A200000A /* SetupWizardView.swift */ = {isa = PBXFileReference; lastKnownFileType = sourcecode.swift; path = SetupWizardView.swift; sourceTree = "<group>"; };
		A200000B /* WelcomeView.swift */ = {isa = PBXFileReference; lastKnownFileType = sourcecode.swift; path = WelcomeView.swift; sourceTree = "<group>"; };
		A200000C /* ConfigurationView.swift */ = {isa = PBXFileReference; lastKnownFileType = sourcecode.swift; path = ConfigurationView.swift; sourceTree = "<group>"; };
		A200000D /* CompletionView.swift */ = {isa = PBXFileReference; lastKnownFileType = sourcecode.swift; path = CompletionView.swift; sourceTree = "<group>"; };
		A200000E /* GPTAssistant.mmbundle */ = {isa = PBXFileReference; lastKnownFileType = "wrapper.plug-in"; path = GPTAssistant.mmbundle; sourceTree = "<group>"; };
		A200000F /* Info.plist */ = {isa = PBXFileReference; lastKnownFileType = text.plist.xml; path = Info.plist; sourceTree = "<group>"; };
		A2000010 /* MailMateAI.entitlements */ = {isa = PBXFileReference; lastKnownFileType = text.plist.entitlements; path = MailMateAI.entitlements; sourceTree = "<group>"; };
		A2000011 /* MailMateAI.app */ = {isa = PBXFileReference; explicitFileType = wrapper.application; includeInIndex = 0; path = MailMateAI.app; sourceTree = BUILT_PRODUCTS_DIR; };
		A2000012 /* ThinkingPanel.swift */ = {isa = PBXFileReference; lastKnownFileType = sourcecode.swift; path = ThinkingPanel.swift; sourceTree = "<group>"; };
/* End PBXFileReference section */

/* Begin PBXFrameworksBuildPhase section */
		A3000001 /* Frameworks */ = {
			isa = PBXFrameworksBuildPhase;
			buildActionMask = 2147483647;
			files = (
			);
			runOnlyForDeploymentPostprocessing = 0;
		};
/* End PBXFrameworksBuildPhase section */

/* Begin PBXGroup section */
		A4000001 = {
			isa = PBXGroup;
			children = (
				A4000002 /* MailMateAI */,
				A4000007 /* Products */,
			);
			sourceTree = "<group>";
		};
		A4000002 /* MailMateAI */ = {
			isa = PBXGroup;
			children = (
				A4000003 /* App */,
				A4000004 /* Views */,
				A4000005 /* Services */,
				A4000006 /* Resources */,
				A200000F /* Info.plist */,
				A2000010 /* MailMateAI.entitlements */,
			);
			path = MailMateAI;
			sourceTree = "<group>";
		};
		A4000003 /* App */ = {
			isa = PBXGroup;
			children = (
				A2000001 /* MailMateAIApp.swift */,
				A2000002 /* AppState.swift */,
				A2000003 /* URLSchemeHandler.swift */,
			);
			path = App;
			sourceTree = "<group>";
		};
		A4000004 /* Views */ = {
			isa = PBXGroup;
			children = (
				A2000007 /* MenuBarView.swift */,
				A2000008 /* ErrorDetailView.swift */,
				A2000009 /* SettingsView.swift */,
				A2000012 /* ThinkingPanel.swift */,
				A4000008 /* SetupWizard */,
			);
			path = Views;
			sourceTree = "<group>";
		};
		A4000005 /* Services */ = {
			isa = PBXGroup;
			children = (
				A2000004 /* KeychainManager.swift */,
				A2000005 /* SettingsManager.swift */,
				A2000006 /* BundleInstaller.swift */,
			);
			path = Services;
			sourceTree = "<group>";
		};
		A4000006 /* Resources */ = {
			isa = PBXGroup;
			children = (
				A200000E /* GPTAssistant.mmbundle */,
			);
			path = Resources;
			sourceTree = "<group>";
		};
		A4000007 /* Products */ = {
			isa = PBXGroup;
			children = (
				A2000011 /* MailMateAI.app */,
			);
			name = Products;
			sourceTree = "<group>";
		};
		A4000008 /* SetupWizard */ = {
			isa = PBXGroup;
			children = (
				A200000A /* SetupWizardView.swift */,
				A200000B /* WelcomeView.swift */,
				A200000C /* ConfigurationView.swift */,
				A200000D /* CompletionView.swift */,
			);
			path = SetupWizard;
			sourceTree = "<group>";
		};
/* End PBXGroup section */

/* Begin PBXNativeTarget section */
		A5000001 /* MailMateAI */ = {
			isa = PBXNativeTarget;
			buildConfigurationList = A6000003 /* Build configuration list for PBXNativeTarget "MailMateAI" */;
			buildPhases = (
				A5000002 /* Sources */,
				A3000001 /* Frameworks */,
				A5000003 /* Resources */,
			);
			buildRules = (
			);
			dependencies = (
			);
			name = MailMateAI;
			productName = MailMateAI;
			productReference = A2000011 /* MailMateAI.app */;
			productType = "com.apple.product-type.application";
		};
/* End PBXNativeTarget section */

/* Begin PBXProject section */
		A5000004 /* Project object */ = {
			isa = PBXProject;
			attributes = {
				BuildIndependentTargetsInParallel = 1;
				LastSwiftUpdateCheck = 1500;
				LastUpgradeCheck = 1500;
				TargetAttributes = {
					A5000001 = {
						CreatedOnToolsVersion = 15.0;
					};
				};
			};
			buildConfigurationList = A6000001 /* Build configuration list for PBXProject "MailMateAI" */;
			compatibilityVersion = "Xcode 14.0";
			developmentRegion = en;
			hasScannedForEncodings = 0;
			knownRegions = (
				en,
				Base,
			);
			mainGroup = A4000001;
			productRefGroup = A4000007 /* Products */;
			projectDirPath = "";
			projectRoot = "";
			targets = (
				A5000001 /* MailMateAI */,
			);
		};
/* End PBXProject section */

/* Begin PBXResourcesBuildPhase section */
		A5000003 /* Resources */ = {
			isa = PBXResourcesBuildPhase;
			buildActionMask = 2147483647;
			files = (
				A100000E /* GPTAssistant.mmbundle in Resources */,
			);
			runOnlyForDeploymentPostprocessing = 0;
		};
/* End PBXResourcesBuildPhase section */

/* Begin PBXSourcesBuildPhase section */
		A5000002 /* Sources */ = {
			isa = PBXSourcesBuildPhase;
			buildActionMask = 2147483647;
			files = (
				A1000001 /* MailMateAIApp.swift in Sources */,
				A1000002 /* AppState.swift in Sources */,
				A1000003 /* URLSchemeHandler.swift in Sources */,
				A1000004 /* KeychainManager.swift in Sources */,
				A1000005 /* SettingsManager.swift in Sources */,
				A1000006 /* BundleInstaller.swift in Sources */,
				A1000007 /* MenuBarView.swift in Sources */,
				A1000008 /* ErrorDetailView.swift in Sources */,
				A1000009 /* SettingsView.swift in Sources */,
				A100000A /* SetupWizardView.swift in Sources */,
				A100000B /* WelcomeView.swift in Sources */,
				A100000C /* ConfigurationView.swift in Sources */,
				A100000D /* CompletionView.swift in Sources */,
				A100000F /* ThinkingPanel.swift in Sources */,
			);
			runOnlyForDeploymentPostprocessing = 0;
		};
/* End PBXSourcesBuildPhase section */

/* Begin XCBuildConfiguration section */
		A6000002 /* Debug */ = {
			isa = XCBuildConfiguration;
			buildSettings = {
				ALWAYS_SEARCH_USER_PATHS = NO;
				ASSETCATALOG_COMPILER_GENERATE_SWIFT_ASSET_SYMBOL_EXTENSIONS = YES;
				CLANG_ANALYZER_NONNULL = YES;
				CLANG_ANALYZER_NUMBER_OBJECT_CONVERSION = YES_AGGRESSIVE;
				CLANG_CXX_LANGUAGE_STANDARD = "gnu++20";
				CLANG_ENABLE_MODULES = YES;
				CLANG_ENABLE_OBJC_ARC = YES;
				CLANG_ENABLE_OBJC_WEAK = YES;
				CLANG_WARN_BLOCK_CAPTURE_AUTORELEASING = YES;
				CLANG_WARN_BOOL_CONVERSION = YES;
				CLANG_WARN_COMMA = YES;
				CLANG_WARN_CONSTANT_CONVERSION = YES;
				CLANG_WARN_DEPRECATED_OBJC_IMPLEMENTATIONS = YES;
				CLANG_WARN_DIRECT_OBJC_ISA_USAGE = YES_ERROR;
				CLANG_WARN_DOCUMENTATION_COMMENTS = YES;
				CLANG_WARN_EMPTY_BODY = YES;
				CLANG_WARN_ENUM_CONVERSION = YES;
				CLANG_WARN_INFINITE_RECURSION = YES;
				CLANG_WARN_INT_CONVERSION = YES;
				CLANG_WARN_NON_LITERAL_NULL_CONVERSION = YES;
				CLANG_WARN_OBJC_IMPLICIT_RETAIN_SELF = YES;
				CLANG_WARN_OBJC_LITERAL_CONVERSION = YES;
				CLANG_WARN_OBJC_ROOT_CLASS = YES_ERROR;
				CLANG_WARN_QUOTED_INCLUDE_IN_FRAMEWORK_HEADER = YES;
				CLANG_WARN_RANGE_LOOP_ANALYSIS = YES;
				CLANG_WARN_STRICT_PROTOTYPES = YES;
				CLANG_WARN_SUSPICIOUS_MOVE = YES;
				CLANG_WARN_UNGUARDED_AVAILABILITY = YES_AGGRESSIVE;
				CLANG_WARN_UNREACHABLE_CODE = YES;
				CLANG_WARN__DUPLICATE_METHOD_MATCH = YES;
				COPY_PHASE_STRIP = NO;
				DEBUG_INFORMATION_FORMAT = dwarf;
				ENABLE_STRICT_OBJC_MSGSEND = YES;
				ENABLE_TESTABILITY = YES;
				ENABLE_USER_SCRIPT_SANDBOXING = YES;
				GCC_C_LANGUAGE_STANDARD = gnu17;
				GCC_DYNAMIC_NO_PIC = NO;
				GCC_NO_COMMON_BLOCKS = YES;
				GCC_OPTIMIZATION_LEVEL = 0;
				GCC_PREPROCESSOR_DEFINITIONS = (
					"DEBUG=1",
					"$(inherited)",
				);
				GCC_WARN_64_TO_32_BIT_CONVERSION = YES;
				GCC_WARN_ABOUT_RETURN_TYPE = YES_ERROR;
				GCC_WARN_UNDECLARED_SELECTOR = YES;
				GCC_WARN_UNINITIALIZED_AUTOS = YES_AGGRESSIVE;
				GCC_WARN_UNUSED_FUNCTION = YES;
				GCC_WARN_UNUSED_VARIABLE = YES;
				MACOSX_DEPLOYMENT_TARGET = 14.0;
				MTL_ENABLE_DEBUG_INFO = INCLUDE_SOURCE;
				MTL_FAST_MATH = YES;
				ONLY_ACTIVE_ARCH = YES;
				SDKROOT = macosx;
				SWIFT_ACTIVE_COMPILATION_CONDITIONS = "DEBUG $(inherited)";
				SWIFT_OPTIMIZATION_LEVEL = "-Onone";
			};
			name = Debug;
		};
		A6000004 /* Release */ = {
			isa = XCBuildConfiguration;
			buildSettings = {
				ALWAYS_SEARCH_USER_PATHS = NO;
				ASSETCATALOG_COMPILER_GENERATE_SWIFT_ASSET_SYMBOL_EXTENSIONS = YES;
				CLANG_ANALYZER_NONNULL = YES;
				CLANG_ANALYZER_NUMBER_OBJECT_CONVERSION = YES_AGGRESSIVE;
				CLANG_CXX_LANGUAGE_STANDARD = "gnu++20";
				CLANG_ENABLE_MODULES = YES;
				CLANG_ENABLE_OBJC_ARC = YES;
				CLANG_ENABLE_OBJC_WEAK = YES;
				CLANG_WARN_BLOCK_CAPTURE_AUTORELEASING = YES;
				CLANG_WARN_BOOL_CONVERSION = YES;
				CLANG_WARN_COMMA = YES;
				CLANG_WARN_CONSTANT_CONVERSION = YES;
				CLANG_WARN_DEPRECATED_OBJC_IMPLEMENTATIONS = YES;
				CLANG_WARN_DIRECT_OBJC_ISA_USAGE = YES_ERROR;
				CLANG_WARN_DOCUMENTATION_COMMENTS = YES;
				CLANG_WARN_EMPTY_BODY = YES;
				CLANG_WARN_ENUM_CONVERSION = YES;
				CLANG_WARN_INFINITE_RECURSION = YES;
				CLANG_WARN_INT_CONVERSION = YES;
				CLANG_WARN_NON_LITERAL_NULL_CONVERSION = YES;
				CLANG_WARN_OBJC_IMPLICIT_RETAIN_SELF = YES;
				CLANG_WARN_OBJC_LITERAL_CONVERSION = YES;
				CLANG_WARN_OBJC_ROOT_CLASS = YES_ERROR;
				CLANG_WARN_QUOTED_INCLUDE_IN_FRAMEWORK_HEADER = YES;
				CLANG_WARN_RANGE_LOOP_ANALYSIS = YES;
				CLANG_WARN_STRICT_PROTOTYPES = YES;
				CLANG_WARN_SUSPICIOUS_MOVE = YES;
				CLANG_WARN_UNGUARDED_AVAILABILITY = YES_AGGRESSIVE;
				CLANG_WARN_UNREACHABLE_CODE = YES;
				CLANG_WARN__DUPLICATE_METHOD_MATCH = YES;
				COPY_PHASE_STRIP = NO;
				DEBUG_INFORMATION_FORMAT = "dwarf-with-dsym";
				ENABLE_NS_ASSERTIONS = NO;
				ENABLE_STRICT_OBJC_MSGSEND = YES;
				ENABLE_USER_SCRIPT_SANDBOXING = YES;
				GCC_C_LANGUAGE_STANDARD = gnu17;
				GCC_NO_COMMON_BLOCKS = YES;
				GCC_WARN_64_TO_32_BIT_CONVERSION = YES;
				GCC_WARN_ABOUT_RETURN_TYPE = YES_ERROR;
				GCC_WARN_UNDECLARED_SELECTOR = YES;
				GCC_WARN_UNINITIALIZED_AUTOS = YES_AGGRESSIVE;
				GCC_WARN_UNUSED_FUNCTION = YES;
				GCC_WARN_UNUSED_VARIABLE = YES;
				MACOSX_DEPLOYMENT_TARGET = 14.0;
				MTL_ENABLE_DEBUG_INFO = NO;
				MTL_FAST_MATH = YES;
				SDKROOT = macosx;
				SWIFT_COMPILATION_MODE = wholemodule;
			};
			name = Release;
		};
		A6000005 /* Debug */ = {
			isa = XCBuildConfiguration;
			buildSettings = {
				CODE_SIGN_ENTITLEMENTS = MailMateAI/MailMateAI.entitlements;
				"CODE_SIGN_IDENTITY[sdk=macosx*]" = "Apple Development";
				CODE_SIGN_STYLE = Automatic;
				COMBINE_HIDPI_IMAGES = YES;
				CURRENT_PROJECT_VERSION = 1;
				DEVELOPMENT_TEAM = ZWNQTM9ZZV;
				GENERATE_INFOPLIST_FILE = NO;
				INFOPLIST_FILE = MailMateAI/Info.plist;
				INFOPLIST_KEY_LSApplicationCategoryType = "public.app-category.productivity";
				INFOPLIST_KEY_NSHumanReadableCopyright = "";
				LD_RUNPATH_SEARCH_PATHS = (
					"$(inherited)",
					"@executable_path/../Frameworks",
				);
				MARKETING_VERSION = 1.0;
				PRODUCT_BUNDLE_IDENTIFIER = "com.mailmateai-till.assistant";
				PRODUCT_NAME = "$(TARGET_NAME)";
				SWIFT_EMIT_LOC_STRINGS = YES;
				SWIFT_VERSION = 5.0;
			};
			name = Debug;
		};
		A6000006 /* Release */ = {
			isa = XCBuildConfiguration;
			buildSettings = {
				CODE_SIGN_ENTITLEMENTS = MailMateAI/MailMateAI.entitlements;
				"CODE_SIGN_IDENTITY[sdk=macosx*]" = "Apple Development";
				CODE_SIGN_STYLE = Automatic;
				COMBINE_HIDPI_IMAGES = YES;
				CURRENT_PROJECT_VERSION = 1;
				DEVELOPMENT_TEAM = ZWNQTM9ZZV;
				GENERATE_INFOPLIST_FILE = NO;
				INFOPLIST_FILE = MailMateAI/Info.plist;
				INFOPLIST_KEY_LSApplicationCategoryType = "public.app-category.productivity";
				INFOPLIST_KEY_NSHumanReadableCopyright = "";
				LD_RUNPATH_SEARCH_PATHS = (
					"$(inherited)",
					"@executable_path/../Frameworks",
				);
				MARKETING_VERSION = 1.0;
				PRODUCT_BUNDLE_IDENTIFIER = "com.mailmateai-till.assistant";
				PRODUCT_NAME = "$(TARGET_NAME)";
				SWIFT_EMIT_LOC_STRINGS = YES;
				SWIFT_VERSION = 5.0;
			};
			name = Release;
		};
/* End XCBuildConfiguration section */

/* Begin XCConfigurationList section */
		A6000001 /* Build configuration list for PBXProject "MailMateAI" */ = {
			isa = XCConfigurationList;
			buildConfigurations = (
				A6000002 /* Debug */,
				A6000004 /* Release */,
			);
			defaultConfigurationIsVisible = 0;
			defaultConfigurationName = Release;
		};
		A6000003 /* Build configuration list for PBXNativeTarget "MailMateAI" */ = {
			isa = XCConfigurationList;
			buildConfigurations = (
				A6000005 /* Debug */,
				A6000006 /* Release */,
			);
			defaultConfigurationIsVisible = 0;
			defaultConfigurationName = Release;
		};
/* End XCConfigurationList section */
	};
	rootObject = A5000004 /* Project object */;
}
